github.com/davecgh/go-spew v1.1.0/go.mod h1:J7Y8YcW2NihsgmVo/mv3lAwl/skON4iLHjSsI+c5H38=
github.com/josa42/go-gitignore v0.1.0 h1:R6EQzsQqlSjCyab3dDsH+NqqqPVAmeqBW4VmOjo9xjM=
github.com/josa42/go-gitignore v0.1.0/go.mod h1:E2xbO40zPL8v9/Dl35LvhunqjJm4sMl07v8jEZzOAXM=
github.com/josa42/go-neovim v0.1.0 h1:UGwaJrXzeDY1MKQ2su4B5lE+X8/WWmEnSeFQi6+gDpw=
github.com/josa42/go-neovim v0.1.0/go.mod h1:XOLLLfbWe/xzw6NCUoAOPqu26PIaY10HCkJJBjlB5l8=
github.com/kardianos/osext v0.0.0-20190222173326-2bc1f35cddc0 h1:iQTw/8FWTuc7uiaSepXwyf3o52HaUYcV+Tu66S3F5GA=
github.com/kardianos/osext v0.0.0-20190222173326-2bc1f35cddc0/go.mod h1:1NbS8ALrpOvjt0rHPNLyCIeMtbizbir8U//inJ+zuB8=
github.com/neovim/go-client v1.1.0 h1:24NNeHwgHze2rFDAQKhM+fUWGSPSlk0J44/gZzz88jI=
github.com/neovim/go-client v1.1.0/go.mod h1:l1OzxMpaDaUXpuZAgklQwRB2ha7LLlR+4Z6O7zoF3kI=
github.com/pmezard/go-difflib v1.0.0/go.mod h1:iKH77koFhYxTK1pcRnkKkqfTogsbg7gZNVY4sRDYZ/4=
github.com/stretchr/objx v0.1.0/go.mod h1:HFkY916IF+rwdDfMAkV7OtwuqBVzrE8GR6GFx+wExME=
github.com/stretchr/testify v1.4.0/go.mod h1:j7eGeouHqKxXV5pUuKE4zz7dFj8WfuZ+81PSLYec5m4=
gopkg.in/check.v1 v0.0.0-20161208181325-20d25e280405/go.mod h1:Co6ibVJAznAaIkqp8huTwlJQCZ016jof/cbN4VW5Yz0=
gopkg.in/yaml.v2 v2.2.2/go.mod h1:hI93XBmqTisBFMUTm0b8Fm+jr3Dg1NNxqwp+5A1VGuI=
